
Microsoft Visual Studio Solution File, Format Version 12.00
# Visual Studio Version 17
VisualStudioVersion = 17.5.33502.453
MinimumVisualStudioVersion = 10.0.40219.1
Project("{FAE04EC0-301F-11D3-BF4B-00C04F79EFBC}") = "Week8EpicGame", "Week8EpicGame\Week8EpicGame.csproj", "{FC78AFA1-D5EB-44C5-8BD1-2A202CAB9D6F}"
EndProject
Global
	GlobalSection(SolutionConfigurationPlatforms) = preSolution
		Debug|Any CPU = Debug|Any CPU
		Release|Any CPU = Release|Any CPU
	EndGlobalSection
	GlobalSection(ProjectConfigurationPlatforms) = postSolution
		{FC78AFA1-D5EB-44C5-8BD1-2A202CAB9D6F}.Debug|Any CPU.ActiveCfg = Debug|Any CPU
		{FC78AFA1-D5EB-44C5-8BD1-2A202CAB9D6F}.Debug|Any CPU.Build.0 = Debug|Any CPU
		{FC78AFA1-D5EB-44C5-8BD1-2A202CAB9D6F}.Release|Any CPU.ActiveCfg = Release|Any CPU
		{FC78AFA1-D5EB-44C5-8BD1-2A202CAB9D6F}.Release|Any CPU.Build.0 = Release|Any CPU
	EndGlobalSection
	GlobalSection(SolutionProperties) = preSolution
		HideSolutionNode = FALSE
	EndGlobalSection
	GlobalSection(ExtensibilityGlobals) = postSolution
		SolutionGuid = {B1E0E960-9BA0-435A-9DCC-E3E0917923BD}
	EndGlobalSection
EndGlobal
